
Microsoft Visual Studio Solution File, Format Version 12.00
# Visual Studio 11
Project("{FAE04EC0-301F-11D3-BF4B-00C04F79EFBC}") = "MetaScanner", "MetaScanner\MetaScanner.csproj", "{0AAD1ED7-4FDE-4768-B3FC-E9B502CDEA8A}"
	ProjectSection(ProjectDependencies) = postProject
		{14B730A0-6147-4767-A4B4-2AC86DD9FB8C} = {14B730A0-6147-4767-A4B4-2AC86DD9FB8C}
	EndProjectSection
EndProject
Project("{FAE04EC0-301F-11D3-BF4B-00C04F79EFBC}") = "ManagedWifi", "ManagedWifi\ManagedWifi.csproj", "{B290695E-0DD1-4912-88DE-7AA6DC7AF0A5}"
EndProject
Project("{FAE04EC0-301F-11D3-BF4B-00C04F79EFBC}") = "IoctlNdis", "IoctlNdis\IoctlNdis.csproj", "{27BBAED2-FCF5-4A9E-BCFA-DE6D50F4CDBC}"
EndProject
Project("{FAE04EC0-301F-11D3-BF4B-00C04F79EFBC}") = "MetaGeek.WiFi", "MetaGeek.WiFi\MetaGeek.WiFi.csproj", "{14B730A0-6147-4767-A4B4-2AC86DD9FB8C}"
EndProject
Project("{FAE04EC0-301F-11D3-BF4B-00C04F79EFBC}") = "MetaGeek.Gps", "MetaGeek.Gps\MetaGeek.Gps.csproj", "{92A74448-AA21-49EF-90F6-B4AA05D092B8}"
EndProject
Project("{54435603-DBB4-11D2-8724-00A0C9A8B90C}") = "Installer x86", "Installer\Installer.vdproj", "{F311E62F-6294-473B-9972-48E6B51AB8A7}"
EndProject
Project("{54435603-DBB4-11D2-8724-00A0C9A8B90C}") = "Installer x64", "Installer-x64\Installer x64.vdproj", "{237FB6C7-D75B-44DA-BF06-2A03EB3CF9C6}"
EndProject
Project("{FAE04EC0-301F-11D3-BF4B-00C04F79EFBC}") = "TestProject", "TestProject\TestProject.csproj", "{83DE851C-C566-4CAB-98B7-089444B248D3}"
EndProject
Project("{2150E333-8FDC-42A3-9474-1A3956D46DE8}") = "Solution Items", "Solution Items", "{C7A7BF17-797A-4B19-B0DC-1440ECFBB936}"
	ProjectSection(SolutionItems) = preProject
		Local.testsettings = Local.testsettings
		MetaScanner.vsmdi = MetaScanner.vsmdi
		TraceAndTestImpact.testsettings = TraceAndTestImpact.testsettings
	EndProjectSection
EndProject
Global
	GlobalSection(TestCaseManagementSettings) = postSolution
		CategoryFile = MetaScanner.vsmdi
	EndGlobalSection
	GlobalSection(SolutionConfigurationPlatforms) = preSolution
		Crash|Any CPU = Crash|Any CPU
		Crash|x86 = Crash|x86
		Debug|Any CPU = Debug|Any CPU
		Debug|x86 = Debug|x86
		Release|Any CPU = Release|Any CPU
		Release|x86 = Release|x86
	EndGlobalSection
	GlobalSection(ProjectConfigurationPlatforms) = postSolution
		{0AAD1ED7-4FDE-4768-B3FC-E9B502CDEA8A}.Crash|Any CPU.ActiveCfg = Crash|Any CPU
		{0AAD1ED7-4FDE-4768-B3FC-E9B502CDEA8A}.Crash|Any CPU.Build.0 = Crash|Any CPU
		{0AAD1ED7-4FDE-4768-B3FC-E9B502CDEA8A}.Crash|x86.ActiveCfg = Crash|x86
		{0AAD1ED7-4FDE-4768-B3FC-E9B502CDEA8A}.Crash|x86.Build.0 = Crash|x86
		{0AAD1ED7-4FDE-4768-B3FC-E9B502CDEA8A}.Debug|Any CPU.ActiveCfg = Debug|x86
		{0AAD1ED7-4FDE-4768-B3FC-E9B502CDEA8A}.Debug|Any CPU.Build.0 = Debug|x86
		{0AAD1ED7-4FDE-4768-B3FC-E9B502CDEA8A}.Debug|x86.ActiveCfg = Debug|x86
		{0AAD1ED7-4FDE-4768-B3FC-E9B502CDEA8A}.Debug|x86.Build.0 = Debug|x86
		{0AAD1ED7-4FDE-4768-B3FC-E9B502CDEA8A}.Release|Any CPU.ActiveCfg = Release|Any CPU
		{0AAD1ED7-4FDE-4768-B3FC-E9B502CDEA8A}.Release|Any CPU.Build.0 = Release|Any CPU
		{0AAD1ED7-4FDE-4768-B3FC-E9B502CDEA8A}.Release|x86.ActiveCfg = Release|x86
		{0AAD1ED7-4FDE-4768-B3FC-E9B502CDEA8A}.Release|x86.Build.0 = Release|x86
		{14B730A0-6147-4767-A4B4-2AC86DD9FB8C}.Crash|Any CPU.ActiveCfg = Release|Any CPU
		{14B730A0-6147-4767-A4B4-2AC86DD9FB8C}.Crash|Any CPU.Build.0 = Release|Any CPU
		{14B730A0-6147-4767-A4B4-2AC86DD9FB8C}.Crash|x86.ActiveCfg = Release|x86
		{14B730A0-6147-4767-A4B4-2AC86DD9FB8C}.Crash|x86.Build.0 = Release|x86
		{14B730A0-6147-4767-A4B4-2AC86DD9FB8C}.Debug|Any CPU.ActiveCfg = Debug|x86
		{14B730A0-6147-4767-A4B4-2AC86DD9FB8C}.Debug|Any CPU.Build.0 = Debug|x86
		{14B730A0-6147-4767-A4B4-2AC86DD9FB8C}.Debug|x86.ActiveCfg = Debug|x86
		{14B730A0-6147-4767-A4B4-2AC86DD9FB8C}.Debug|x86.Build.0 = Debug|x86
		{14B730A0-6147-4767-A4B4-2AC86DD9FB8C}.Release|Any CPU.ActiveCfg = Release|Any CPU
		{14B730A0-6147-4767-A4B4-2AC86DD9FB8C}.Release|Any CPU.Build.0 = Release|Any CPU
		{14B730A0-6147-4767-A4B4-2AC86DD9FB8C}.Release|x86.ActiveCfg = Release|x86
		{14B730A0-6147-4767-A4B4-2AC86DD9FB8C}.Release|x86.Build.0 = Release|x86
		{237FB6C7-D75B-44DA-BF06-2A03EB3CF9C6}.Crash|Any CPU.ActiveCfg = Release
		{237FB6C7-D75B-44DA-BF06-2A03EB3CF9C6}.Crash|Any CPU.Build.0 = Release
		{237FB6C7-D75B-44DA-BF06-2A03EB3CF9C6}.Crash|x86.ActiveCfg = Release
		{237FB6C7-D75B-44DA-BF06-2A03EB3CF9C6}.Debug|Any CPU.ActiveCfg = Debug
		{237FB6C7-D75B-44DA-BF06-2A03EB3CF9C6}.Debug|x86.ActiveCfg = Debug
		{237FB6C7-D75B-44DA-BF06-2A03EB3CF9C6}.Release|Any CPU.ActiveCfg = Release
		{237FB6C7-D75B-44DA-BF06-2A03EB3CF9C6}.Release|Any CPU.Build.0 = Release
		{237FB6C7-D75B-44DA-BF06-2A03EB3CF9C6}.Release|x86.ActiveCfg = Release
		{27BBAED2-FCF5-4A9E-BCFA-DE6D50F4CDBC}.Crash|Any CPU.ActiveCfg = Release|Any CPU
		{27BBAED2-FCF5-4A9E-BCFA-DE6D50F4CDBC}.Crash|Any CPU.Build.0 = Release|Any CPU
		{27BBAED2-FCF5-4A9E-BCFA-DE6D50F4CDBC}.Crash|x86.ActiveCfg = Release|x86
		{27BBAED2-FCF5-4A9E-BCFA-DE6D50F4CDBC}.Crash|x86.Build.0 = Release|x86
		{27BBAED2-FCF5-4A9E-BCFA-DE6D50F4CDBC}.Debug|Any CPU.ActiveCfg = Debug|x86
		{27BBAED2-FCF5-4A9E-BCFA-DE6D50F4CDBC}.Debug|Any CPU.Build.0 = Debug|x86
		{27BBAED2-FCF5-4A9E-BCFA-DE6D50F4CDBC}.Debug|x86.ActiveCfg = Debug|x86
		{27BBAED2-FCF5-4A9E-BCFA-DE6D50F4CDBC}.Debug|x86.Build.0 = Debug|x86
		{27BBAED2-FCF5-4A9E-BCFA-DE6D50F4CDBC}.Release|Any CPU.ActiveCfg = Release|Any CPU
		{27BBAED2-FCF5-4A9E-BCFA-DE6D50F4CDBC}.Release|Any CPU.Build.0 = Release|Any CPU
		{27BBAED2-FCF5-4A9E-BCFA-DE6D50F4CDBC}.Release|x86.ActiveCfg = Release|x86
		{27BBAED2-FCF5-4A9E-BCFA-DE6D50F4CDBC}.Release|x86.Build.0 = Release|x86
		{83DE851C-C566-4CAB-98B7-089444B248D3}.Crash|Any CPU.ActiveCfg = Release|Any CPU
		{83DE851C-C566-4CAB-98B7-089444B248D3}.Crash|Any CPU.Build.0 = Release|Any CPU
		{83DE851C-C566-4CAB-98B7-089444B248D3}.Crash|x86.ActiveCfg = Release|Any CPU
		{83DE851C-C566-4CAB-98B7-089444B248D3}.Debug|Any CPU.ActiveCfg = Debug|Any CPU
		{83DE851C-C566-4CAB-98B7-089444B248D3}.Debug|Any CPU.Build.0 = Debug|Any CPU
		{83DE851C-C566-4CAB-98B7-089444B248D3}.Debug|x86.ActiveCfg = Debug|Any CPU
		{83DE851C-C566-4CAB-98B7-089444B248D3}.Release|Any CPU.ActiveCfg = Release|Any CPU
		{83DE851C-C566-4CAB-98B7-089444B248D3}.Release|Any CPU.Build.0 = Release|Any CPU
		{83DE851C-C566-4CAB-98B7-089444B248D3}.Release|x86.ActiveCfg = Release|Any CPU
		{92A74448-AA21-49EF-90F6-B4AA05D092B8}.Crash|Any CPU.ActiveCfg = Release|Any CPU
		{92A74448-AA21-49EF-90F6-B4AA05D092B8}.Crash|Any CPU.Build.0 = Release|Any CPU
		{92A74448-AA21-49EF-90F6-B4AA05D092B8}.Crash|x86.ActiveCfg = Release|x86
		{92A74448-AA21-49EF-90F6-B4AA05D092B8}.Crash|x86.Build.0 = Release|x86
		{92A74448-AA21-49EF-90F6-B4AA05D092B8}.Debug|Any CPU.ActiveCfg = Debug|x86
		{92A74448-AA21-49EF-90F6-B4AA05D092B8}.Debug|Any CPU.Build.0 = Debug|x86
		{92A74448-AA21-49EF-90F6-B4AA05D092B8}.Debug|x86.ActiveCfg = Debug|x86
		{92A74448-AA21-49EF-90F6-B4AA05D092B8}.Debug|x86.Build.0 = Debug|x86
		{92A74448-AA21-49EF-90F6-B4AA05D092B8}.Release|Any CPU.ActiveCfg = Release|Any CPU
		{92A74448-AA21-49EF-90F6-B4AA05D092B8}.Release|Any CPU.Build.0 = Release|Any CPU
		{92A74448-AA21-49EF-90F6-B4AA05D092B8}.Release|x86.ActiveCfg = Release|x86
		{92A74448-AA21-49EF-90F6-B4AA05D092B8}.Release|x86.Build.0 = Release|x86
		{B290695E-0DD1-4912-88DE-7AA6DC7AF0A5}.Crash|Any CPU.ActiveCfg = Release|Any CPU
		{B290695E-0DD1-4912-88DE-7AA6DC7AF0A5}.Crash|Any CPU.Build.0 = Release|Any CPU
		{B290695E-0DD1-4912-88DE-7AA6DC7AF0A5}.Crash|x86.ActiveCfg = Release|x86
		{B290695E-0DD1-4912-88DE-7AA6DC7AF0A5}.Crash|x86.Build.0 = Release|x86
		{B290695E-0DD1-4912-88DE-7AA6DC7AF0A5}.Debug|Any CPU.ActiveCfg = Debug|x86
		{B290695E-0DD1-4912-88DE-7AA6DC7AF0A5}.Debug|Any CPU.Build.0 = Debug|x86
		{B290695E-0DD1-4912-88DE-7AA6DC7AF0A5}.Debug|x86.ActiveCfg = Debug|x86
		{B290695E-0DD1-4912-88DE-7AA6DC7AF0A5}.Debug|x86.Build.0 = Debug|x86
		{B290695E-0DD1-4912-88DE-7AA6DC7AF0A5}.Release|Any CPU.ActiveCfg = Release|Any CPU
		{B290695E-0DD1-4912-88DE-7AA6DC7AF0A5}.Release|Any CPU.Build.0 = Release|Any CPU
		{B290695E-0DD1-4912-88DE-7AA6DC7AF0A5}.Release|x86.ActiveCfg = Release|x86
		{B290695E-0DD1-4912-88DE-7AA6DC7AF0A5}.Release|x86.Build.0 = Release|x86
		{F311E62F-6294-473B-9972-48E6B51AB8A7}.Crash|Any CPU.ActiveCfg = Release
		{F311E62F-6294-473B-9972-48E6B51AB8A7}.Crash|Any CPU.Build.0 = Release
		{F311E62F-6294-473B-9972-48E6B51AB8A7}.Crash|x86.ActiveCfg = Release
		{F311E62F-6294-473B-9972-48E6B51AB8A7}.Debug|Any CPU.ActiveCfg = Debug
		{F311E62F-6294-473B-9972-48E6B51AB8A7}.Debug|x86.ActiveCfg = Debug
		{F311E62F-6294-473B-9972-48E6B51AB8A7}.Release|Any CPU.ActiveCfg = Release
		{F311E62F-6294-473B-9972-48E6B51AB8A7}.Release|Any CPU.Build.0 = Release
		{F311E62F-6294-473B-9972-48E6B51AB8A7}.Release|x86.ActiveCfg = Release
	EndGlobalSection
	GlobalSection(SolutionProperties) = preSolution
		HideSolutionNode = FALSE
	EndGlobalSection
EndGlobal
